
Microsoft Visual Studio Solution File, Format Version 12.00
# Visual Studio Version 17
VisualStudioVersion = 17.8.34525.116
MinimumVisualStudioVersion = 10.0.40219.1
Project("{FAE04EC0-301F-11D3-BF4B-00C04F79EFBC}") = "swagger_basic", "swagger_basic\swagger_basic.csproj", "{CCBF51F3-75D1-4968-B843-D349C1C36560}"
EndProject
Global
	GlobalSection(SolutionConfigurationPlatforms) = preSolution
		Debug|Any CPU = Debug|Any CPU
		Release|Any CPU = Release|Any CPU
	EndGlobalSection
	GlobalSection(ProjectConfigurationPlatforms) = postSolution
		{CCBF51F3-75D1-4968-B843-D349C1C36560}.Debug|Any CPU.ActiveCfg = Debug|Any CPU
		{CCBF51F3-75D1-4968-B843-D349C1C36560}.Debug|Any CPU.Build.0 = Debug|Any CPU
		{CCBF51F3-75D1-4968-B843-D349C1C36560}.Release|Any CPU.ActiveCfg = Release|Any CPU
		{CCBF51F3-75D1-4968-B843-D349C1C36560}.Release|Any CPU.Build.0 = Release|Any CPU
	EndGlobalSection
	GlobalSection(SolutionProperties) = preSolution
		HideSolutionNode = FALSE
	EndGlobalSection
	GlobalSection(ExtensibilityGlobals) = postSolution
		SolutionGuid = {1AAF35E5-F992-460D-A6DA-684B84CBF191}
	EndGlobalSection
EndGlobal
